<?xml version="1.0" encoding="utf-8"?>
<Project ToolsVersion="15.0" xmlns="http://schemas.microsoft.com/developer/msbuild/2003">
  <ItemGroup>
    <ClCompile Include="P:\mixer-dnd-panel\interactive\dndpanel\main.cpp">
      <Filter>Source Files</Filter>
    </ClCompile>
    <ClCompile Include="P:\mixer-dnd-panel\interactive\dndpanel\logger.cpp">
      <Filter>Source Files</Filter>
    </ClCompile>
    <ClCompile Include="P:\mixer-dnd-panel\interactive\dndpanel\config.cpp">
      <Filter>Source Files</Filter>
    </ClCompile>
    <ClCompile Include="P:\mixer-dnd-panel\interactive\dndpanel\panellogic.cpp">
      <Filter>Source Files</Filter>
    </ClCompile>
    <ClCompile Include="P:\mixer-dnd-panel\interactive\dndpanel\chatutil.cpp">
      <Filter>Source Files</Filter>
    </ClCompile>
    <ClCompile Include="P:\mixer-dnd-panel\interactive\dndpanel\chatbot.cpp">
      <Filter>Source Files</Filter>
    </ClCompile>
    <ClCompile Include="P:\mixer-dnd-panel\interactive\dndpanel\chat_session_internal.cpp">
      <Filter>Source Files</Filter>
    </ClCompile>
    <ClCompile Include="P:\mixer-dnd-panel\interactive\dndpanel\Chat\auth.cpp">
      <Filter>Source Files</Filter>
    </ClCompile>
    <ClCompile Include="P:\mixer-dnd-panel\interactive\dndpanel\Professions\jobs.cpp">
      <Filter>Source Files</Filter>
    </ClCompile>
    <ClCompile Include="P:\mixer-dnd-panel\interactive\dndpanel\Classes\classes.cpp">
      <Filter>Source Files</Filter>
    </ClCompile>
    <ClCompile Include="P:\mixer-dnd-panel\interactive\dndpanel\Quests\QuestManager.cpp">
      <Filter>Source Files</Filter>
    </ClCompile>
  </ItemGroup>
  <ItemGroup>
    <ClInclude Include="P:\mixer-dnd-panel\interactive\dndpanel\common.h">
      <Filter>Header Files</Filter>
    </ClInclude>
    <ClInclude Include="P:\mixer-dnd-panel\interactive\dndpanel\main.h">
      <Filter>Header Files</Filter>
    </ClInclude>
    <ClInclude Include="P:\mixer-dnd-panel\interactive\dndpanel\logger.h">
      <Filter>Header Files</Filter>
    </ClInclude>
    <ClInclude Include="P:\mixer-dnd-panel\interactive\dndpanel\config.h">
      <Filter>Header Files</Filter>
    </ClInclude>
    <ClInclude Include="P:\mixer-dnd-panel\interactive\dndpanel\panellogic.h">
      <Filter>Header Files</Filter>
    </ClInclude>
    <ClInclude Include="P:\mixer-dnd-panel\interactive\dndpanel\chatutil.h">
      <Filter>Header Files</Filter>
    </ClInclude>
    <ClInclude Include="P:\mixer-dnd-panel\interactive\dndpanel\chatbot.h">
      <Filter>Header Files</Filter>
    </ClInclude>
    <ClInclude Include="P:\mixer-dnd-panel\interactive\dndpanel\chat_session_internal.h">
      <Filter>Header Files</Filter>
    </ClInclude>
    <ClInclude Include="P:\mixer-dnd-panel\interactive\dndpanel\Chat\auth.h">
      <Filter>Header Files</Filter>
    </ClInclude>
    <ClInclude Include="P:\mixer-dnd-panel\interactive\dndpanel\Chat\chat_state.h">
      <Filter>Header Files</Filter>
    </ClInclude>
    <ClInclude Include="P:\mixer-dnd-panel\interactive\dndpanel\Chat\chat_control_pointer.h">
      <Filter>Header Files</Filter>
    </ClInclude>
    <ClInclude Include="P:\mixer-dnd-panel\interactive\dndpanel\Chat\chat_participant_action.h">
      <Filter>Header Files</Filter>
    </ClInclude>
    <ClInclude Include="P:\mixer-dnd-panel\interactive\dndpanel\Chat\chat_control_event.h">
      <Filter>Header Files</Filter>
    </ClInclude>
    <ClInclude Include="P:\mixer-dnd-panel\interactive\dndpanel\Chat\chat_participant.h">
      <Filter>Header Files</Filter>
    </ClInclude>
    <ClInclude Include="P:\mixer-dnd-panel\interactive\dndpanel\Chat\chat_object.h">
      <Filter>Header Files</Filter>
    </ClInclude>
    <ClInclude Include="P:\mixer-dnd-panel\interactive\dndpanel\Chat\chat_event_internal.h">
      <Filter>Header Files</Filter>
    </ClInclude>
    <ClInclude Include="P:\mixer-dnd-panel\interactive\dndpanel\Professions\jobs.h">
      <Filter>Header Files</Filter>
    </ClInclude>
    <ClInclude Include="P:\mixer-dnd-panel\interactive\dndpanel\Classes\classes.h">
      <Filter>Header Files</Filter>
    </ClInclude>
    <ClInclude Include="P:\mixer-dnd-panel\interactive\dndpanel\Quests\QuestManager.h">
      <Filter>Header Files</Filter>
    </ClInclude>
  </ItemGroup>
  <ItemGroup>
    <CustomBuild Include="P:\mixer-dnd-panel\interactive\CMakeLists.txt" />
  </ItemGroup>
  <ItemGroup>
    <Filter Include="Header Files">
      <UniqueIdentifier>{67582B9B-3B17-3AF5-927D-C4BD148024CD}</UniqueIdentifier>
    </Filter>
    <Filter Include="Source Files">
      <UniqueIdentifier>{B4F43010-1081-35A8-BC78-C00273C63731}</UniqueIdentifier>
    </Filter>
  </ItemGroup>
</Project>
